{
    "_readme": [
        "This file locks the dependencies of your project to a known state",
        "Read more about it at https://getcomposer.org/doc/01-basic-usage.md#installing-dependencies",
        "This file is @generated automatically"
    ],
    "content-hash": "223d26e57523b301bc636f72fa073bac",
    "packages": [
        {
            "name": "hybridauth/hybridauth",
            "version": "v3.1.1",
            "source": {
                "type": "git",
                "url": "https://github.com/hybridauth/hybridauth.git",
                "reference": "020be6991e7ae9f1ffaabae6586245d2a9626273"
            },
            "dist": {
                "type": "zip",
                "url": "https://api.github.com/repos/hybridauth/hybridauth/zipball/020be6991e7ae9f1ffaabae6586245d2a9626273",
                "reference": "020be6991e7ae9f1ffaabae6586245d2a9626273",
                "shasum": ""
            },
            "require": {
                "php": ">=5.4.0"
            },
            "require-dev": {
                "ext-curl": "*",
                "phpunit/phpunit": "~4.8.35"
            },
            "type": "library",
            "extra": {
                "branch-alias": {
                    "dev-master": "3.0-dev"
                }
            },
            "autoload": {
                "psr-4": {
                    "Hybridauth\\": "src/"
                }
            },
            "notification-url": "https://packagist.org/downloads/",
            "license": [
                "MIT"
            ],
            "authors": [
                {
                    "name": "Miled",
                    "email": "hybridauth@gmail.com"
                }
            ],
            "description": "PHP Social Authentication Library",
            "homepage": "https://hybridauth.github.io",
            "keywords": [
                "Authentication",
                "OpenId",
                "api",
                "authorization",
                "facebook",
                "google",
                "oauth",
                "social",
                "twitter"
            ],
            "time": "2019-12-27T09:26:40+00:00"
        },
        {
            "name": "jankx/asset",
            "version": "dev-master",
            "source": {
                "type": "git",
                "url": "https://github.com/jankx/asset.git",
                "reference": "ba620c8cdec831adc2fafbcdf34afa00f2312fb1"
            },
            "dist": {
                "type": "zip",
                "url": "https://api.github.com/repos/jankx/asset/zipball/ba620c8cdec831adc2fafbcdf34afa00f2312fb1",
                "reference": "ba620c8cdec831adc2fafbcdf34afa00f2312fb1",
                "shasum": ""
            },
            "type": "library",
            "autoload": {
                "psr-4": {
                    "Jankx\\Asset\\": "src/"
                }
            },
            "notification-url": "https://packagist.org/downloads/",
            "license": [
                "MIT"
            ],
            "authors": [
                {
                    "name": "Puleeno Nguyen",
                    "email": "puleeno@gmail.com"
                }
            ],
            "description": "Jankx Assets is used to manage CSS, JS, libraries with beautiful syntax",
            "time": "2020-04-12T10:16:21+00:00"
        },
        {
            "name": "jankx/breadcrumb",
            "version": "dev-master",
            "source": {
                "type": "git",
                "url": "https://github.com/jankx/breadcrumb.git",
                "reference": "a4ce8ef683346eb48ca3f827e790306819b6cf80"
            },
            "dist": {
                "type": "zip",
                "url": "https://api.github.com/repos/jankx/breadcrumb/zipball/a4ce8ef683346eb48ca3f827e790306819b6cf80",
                "reference": "a4ce8ef683346eb48ca3f827e790306819b6cf80",
                "shasum": ""
            },
            "require": {
                "puleeno/schema-org": "dev-master"
            },
            "type": "library",
            "autoload": {
                "psr-4": {
                    "Jankx\\Breadcrumb\\": "src/"
                }
            },
            "notification-url": "https://packagist.org/downloads/",
            "license": [
                "MIT"
            ],
            "authors": [
                {
                    "name": "Jankx Framework",
                    "email": "puleeno@gmail.com"
                }
            ],
            "description": "The embed UI Breadcrumb for WordPress plugins and WordPress themes",
            "time": "2020-01-17T01:37:47+00:00"
        },
        {
            "name": "jankx/field",
            "version": "dev-master",
            "source": {
                "type": "git",
                "url": "https://github.com/jankx/field.git",
                "reference": "0028ad5b271f7e1b0fa7bd7251a4efde92c6a936"
            },
            "dist": {
                "type": "zip",
                "url": "https://api.github.com/repos/jankx/field/zipball/0028ad5b271f7e1b0fa7bd7251a4efde92c6a936",
                "reference": "0028ad5b271f7e1b0fa7bd7251a4efde92c6a936",
                "shasum": ""
            },
            "type": "library",
            "autoload": {
                "psr-4": {
                    "Jankx\\Fields\\": "src/"
                }
            },
            "notification-url": "https://packagist.org/downloads/",
            "license": [
                "MIT"
            ],
            "authors": [
                {
                    "name": "Puleeno Nguyen",
                    "email": "puleeno@gmail.com"
                }
            ],
            "description": "Jankx Fields is a simple framework used to create meta box, settings, form, etc",
            "time": "2019-07-15T04:42:51+00:00"
        },
        {
            "name": "jankx/helpers",
            "version": "dev-master",
            "source": {
                "type": "git",
                "url": "https://github.com/jankx/helpers.git",
                "reference": "98e5c06724d07de99679d554b499a9cf54e2224a"
            },
            "dist": {
                "type": "zip",
                "url": "https://api.github.com/repos/jankx/helpers/zipball/98e5c06724d07de99679d554b499a9cf54e2224a",
                "reference": "98e5c06724d07de99679d554b499a9cf54e2224a",
                "shasum": ""
            },
            "type": "library",
            "autoload": {
                "files": [
                    "src/helpers.php"
                ]
            },
            "notification-url": "https://packagist.org/downloads/",
            "license": [
                "MIT"
            ],
            "authors": [
                {
                    "name": "Puleeno Nguyen",
                    "email": "puleeno@gmail.com"
                }
            ],
            "description": "The helpers for Jankx Framework",
            "time": "2020-04-14T00:56:23+00:00"
        },
        {
            "name": "jankx/pagination",
            "version": "dev-master",
            "source": {
                "type": "git",
                "url": "https://github.com/jankx/pagination.git",
                "reference": "4cdc6e4fe3d5de6c70867b38c44ea1589b80ed49"
            },
            "dist": {
                "type": "zip",
                "url": "https://api.github.com/repos/jankx/pagination/zipball/4cdc6e4fe3d5de6c70867b38c44ea1589b80ed49",
                "reference": "4cdc6e4fe3d5de6c70867b38c44ea1589b80ed49",
                "shasum": ""
            },
            "type": "library",
            "autoload": {
                "psr-4": {
                    "Jankx\\Pagination\\": "src/"
                }
            },
            "notification-url": "https://packagist.org/downloads/",
            "license": [
                "MIT"
            ],
            "authors": [
                {
                    "name": "Puleeno Nguyen",
                    "email": "puleeno@gmail.com"
                }
            ],
            "description": "The WordPress pagination support multi styles: number, infinite loop, load more",
            "time": "2019-12-28T11:18:59+00:00"
        },
        {
            "name": "jankx/post-layout",
            "version": "dev-master",
            "source": {
                "type": "git",
                "url": "https://github.com/jankx/post-layout.git",
                "reference": "99983e3c05183eab7c096218afa3a14c2ef01394"
            },
            "dist": {
                "type": "zip",
                "url": "https://api.github.com/repos/jankx/post-layout/zipball/99983e3c05183eab7c096218afa3a14c2ef01394",
                "reference": "99983e3c05183eab7c096218afa3a14c2ef01394",
                "shasum": ""
            },
            "require": {
                "jankx/template": "dev-master"
            },
            "type": "library",
            "autoload": {
                "psr-4": {
                    "Jankx\\PostLayout\\": "src/"
                }
            },
            "notification-url": "https://packagist.org/downloads/",
            "license": [
                "MIT"
            ],
            "authors": [
                {
                    "name": "Puleeno Nguyen",
                    "email": "puleeno@gmail.com"
                }
            ],
            "description": "WordPress post and custom post type layout generator",
            "time": "2020-02-25T15:30:03+00:00"
        },
        {
            "name": "jankx/template",
            "version": "dev-master",
            "source": {
                "type": "git",
                "url": "https://github.com/jankx/template.git",
                "reference": "92d75c2099d3d62f5bc911f313e98ff345b768b2"
            },
            "dist": {
                "type": "zip",
                "url": "https://api.github.com/repos/jankx/template/zipball/92d75c2099d3d62f5bc911f313e98ff345b768b2",
                "reference": "92d75c2099d3d62f5bc911f313e98ff345b768b2",
                "shasum": ""
            },
            "require": {
                "jankx/asset": "dev-master",
                "jankx/template-engine": "dev-master",
                "jankx/ui-framework": "dev-master"
            },
            "type": "library",
            "autoload": {
                "psr-4": {
                    "Jankx\\Template\\": "src/"
                }
            },
            "notification-url": "https://packagist.org/downloads/",
            "license": [
                "MIT"
            ],
            "authors": [
                {
                    "name": "Puleeno Nguyen",
                    "email": "puleeno@gmail.com"
                }
            ],
            "description": "Jankx template manager usable to load template with support override, caching",
            "time": "2020-04-14T16:23:58+00:00"
        },
        {
            "name": "jankx/template-engine",
            "version": "dev-master",
            "source": {
                "type": "git",
                "url": "https://github.com/jankx/template-engine.git",
                "reference": "cfd235ed3cfb6787ac9f3ef1693d2ec566bfff91"
            },
            "dist": {
                "type": "zip",
                "url": "https://api.github.com/repos/jankx/template-engine/zipball/cfd235ed3cfb6787ac9f3ef1693d2ec566bfff91",
                "reference": "cfd235ed3cfb6787ac9f3ef1693d2ec566bfff91",
                "shasum": ""
            },
            "require": {
                "jankx/helpers": "dev-master"
            },
            "type": "library",
            "autoload": {
                "psr-4": {
                    "Jankx\\Template\\Engine\\": "src/"
                }
            },
            "notification-url": "https://packagist.org/downloads/",
            "license": [
                "MIT"
            ],
            "authors": [
                {
                    "name": "Puleeno Nguyen",
                    "email": "puleeno@gmail.com"
                }
            ],
            "description": "The template engine for Jankx Framework",
            "time": "2020-04-14T00:58:03+00:00"
        },
        {
            "name": "jankx/ui-framework",
            "version": "dev-master",
            "source": {
                "type": "git",
                "url": "https://github.com/jankx/ui-framework.git",
                "reference": "4bba63be1b9afcd06d386e4ee5bb5fae81af77d9"
            },
            "dist": {
                "type": "zip",
                "url": "https://api.github.com/repos/jankx/ui-framework/zipball/4bba63be1b9afcd06d386e4ee5bb5fae81af77d9",
                "reference": "4bba63be1b9afcd06d386e4ee5bb5fae81af77d9",
                "shasum": ""
            },
            "require": {
                "jankx/template-engine": "dev-master"
            },
            "type": "library",
            "autoload": {
                "psr-4": {
                    "Jankx\\UI\\": "src/"
                }
            },
            "notification-url": "https://packagist.org/downloads/",
            "license": [
                "MIT"
            ],
            "authors": [
                {
                    "name": "Puleeno Nguyen",
                    "email": "puleeno@gmail.com"
                }
            ],
            "description": "Jankx UI framework integrate with popular CSS frameworks",
            "time": "2020-03-02T00:33:13+00:00"
        },
        {
            "name": "puleeno/schema-org",
            "version": "dev-master",
            "source": {
                "type": "git",
                "url": "https://github.com/puleeno/schema-org-php.git",
                "reference": "3f0b9fa46aa5a3c989383a21e2c136d47d4cd2d6"
            },
            "dist": {
                "type": "zip",
                "url": "https://api.github.com/repos/puleeno/schema-org-php/zipball/3f0b9fa46aa5a3c989383a21e2c136d47d4cd2d6",
                "reference": "3f0b9fa46aa5a3c989383a21e2c136d47d4cd2d6",
                "shasum": ""
            },
            "type": "library",
            "notification-url": "https://packagist.org/downloads/",
            "license": [
                "MIT"
            ],
            "authors": [
                {
                    "name": "Puleeno Nguyen",
                    "email": "puleeno@gmail.com"
                }
            ],
            "description": "Abstracts and Interfaces to implement  Structured Data on https://schema.org/",
            "time": "2020-01-17T01:12:43+00:00"
        },
        {
            "name": "puleeno/wallery",
            "version": "1.0.5",
            "source": {
                "type": "git",
                "url": "https://github.com/ramphor/wallery.git",
                "reference": "f011ae30d3a09c7860c3bdace52458bf47bc4d0d"
            },
            "dist": {
                "type": "zip",
                "url": "https://api.github.com/repos/ramphor/wallery/zipball/f011ae30d3a09c7860c3bdace52458bf47bc4d0d",
                "reference": "f011ae30d3a09c7860c3bdace52458bf47bc4d0d",
                "shasum": ""
            },
            "type": "library",
            "autoload": {
                "psr-4": {
                    "Puleeno\\Wallery\\": "src/"
                }
            },
            "notification-url": "https://packagist.org/downloads/",
            "license": [
                "MIT"
            ],
            "authors": [
                {
                    "name": "Puleeno Nguyen",
                    "email": "puleeno@gmail.com"
                }
            ],
            "description": "WordPress gallery for meta box and frontend post",
            "time": "2019-11-28T15:54:25+00:00"
        },
        {
            "name": "ramphor/image-extra-features",
            "version": "dev-master",
            "source": {
                "type": "git",
                "url": "https://github.com/ramphor/image-extra-features.git",
                "reference": "23b3f6aed63a553c1f678b87054716ff670922b7"
            },
            "dist": {
                "type": "zip",
                "url": "https://api.github.com/repos/ramphor/image-extra-features/zipball/23b3f6aed63a553c1f678b87054716ff670922b7",
                "reference": "23b3f6aed63a553c1f678b87054716ff670922b7",
                "shasum": ""
            },
            "type": "library",
            "notification-url": "https://packagist.org/downloads/",
            "license": [
                "GPL-2.0-or-later"
            ],
            "authors": [
                {
                    "name": "Puleeno Nguyen",
                    "email": "puleeno@gmail.com"
                }
            ],
            "description": "Lazy load, compress images, cloud integrated for WordPress images.",
            "time": "2020-02-02T18:59:33+00:00"
        },
        {
            "name": "ramphor/post-views",
            "version": "dev-master",
            "source": {
                "type": "git",
                "url": "https://github.com/ramphor/post-views.git",
                "reference": "444b67f0b9204884df3cf85ddec9b35c58f5a215"
            },
            "dist": {
                "type": "zip",
                "url": "https://api.github.com/repos/ramphor/post-views/zipball/444b67f0b9204884df3cf85ddec9b35c58f5a215",
                "reference": "444b67f0b9204884df3cf85ddec9b35c58f5a215",
                "shasum": ""
            },
            "type": "library",
            "autoload": {
                "psr-4": {
                    "Ramphor\\PostViews\\": "src/"
                }
            },
            "notification-url": "https://packagist.org/downloads/",
            "license": [
                "GPL-2.0-or-later"
            ],
            "authors": [
                {
                    "name": "Ramphor Premium",
                    "email": "puleeno@gmail.com"
                }
            ],
            "description": "Track visited posts and user view posts",
            "time": "2020-03-29T17:08:25+00:00"
        },
        {
            "name": "ramphor/seo-adapter",
            "version": "dev-master",
            "source": {
                "type": "git",
                "url": "https://github.com/ramphor/seo-adapter.git",
                "reference": "f2a9a732ebe5252d731512b8e2861de35a81daa9"
            },
            "dist": {
                "type": "zip",
                "url": "https://api.github.com/repos/ramphor/seo-adapter/zipball/f2a9a732ebe5252d731512b8e2861de35a81daa9",
                "reference": "f2a9a732ebe5252d731512b8e2861de35a81daa9",
                "shasum": ""
            },
            "type": "library",
            "autoload": {
                "psr-4": {
                    "Ramphor\\Seo\\": "src/"
                }
            },
            "notification-url": "https://packagist.org/downloads/",
            "license": [
                "GPL-2.0-or-later"
            ],
            "authors": [
                {
                    "name": "Ramphor Premium",
                    "email": "puleeno@gmail.com"
                }
            ],
            "description": "The SEO adapter to support custom data for popular SEO plugins",
            "time": "2019-10-17T05:00:15+00:00"
        },
        {
            "name": "ramphor/updater",
            "version": "dev-master",
            "source": {
                "type": "git",
                "url": "https://github.com/ramphor/updater.git",
                "reference": "de0cc9ab6ea37b214534210c2de0164b3c32113f"
            },
            "dist": {
                "type": "zip",
                "url": "https://api.github.com/repos/ramphor/updater/zipball/de0cc9ab6ea37b214534210c2de0164b3c32113f",
                "reference": "de0cc9ab6ea37b214534210c2de0164b3c32113f",
                "shasum": ""
            },
            "type": "library",
            "autoload": {
                "psr-4": {
                    "Ramphor\\Updater\\": "src/"
                }
            },
            "notification-url": "https://packagist.org/downloads/",
            "license": [
                "MIT"
            ],
            "authors": [
                {
                    "name": "Ramphor Premium",
                    "email": "puleeno@gmail.com"
                }
            ],
            "description": "The embeded updater for themes, plugins in WordPress",
            "time": "2019-10-17T04:58:49+00:00"
        },
        {
            "name": "ramphor/user-profile",
            "version": "dev-master",
            "source": {
                "type": "git",
                "url": "https://github.com/ramphor/user-profile.git",
                "reference": "661bf574b1c2c8deae69f2021f763e57ecdc4627"
            },
            "dist": {
                "type": "zip",
                "url": "https://api.github.com/repos/ramphor/user-profile/zipball/661bf574b1c2c8deae69f2021f763e57ecdc4627",
                "reference": "661bf574b1c2c8deae69f2021f763e57ecdc4627",
                "shasum": ""
            },
            "require": {
                "hybridauth/hybridauth": "3.1.1",
                "jankx/template": "dev-master"
            },
            "type": "library",
            "autoload": {
                "psr-4": {
                    "Ramphor\\User\\": "src/"
                }
            },
            "notification-url": "https://packagist.org/downloads/",
            "license": [
                "MIT"
            ],
            "authors": [
                {
                    "name": "Puleeno Nguyen",
                    "email": "puleeno@gmail.com"
                }
            ],
            "description": "User profile core for embed to other plugins or themes",
            "time": "2020-03-20T00:26:48+00:00"
        }
    ],
    "packages-dev": [],
    "aliases": [],
    "minimum-stability": "dev",
    "stability-flags": {
        "jankx/breadcrumb": 20,
        "jankx/field": 20,
        "jankx/pagination": 20,
        "jankx/post-layout": 20,
        "jankx/template": 20,
        "ramphor/image-extra-features": 20,
        "ramphor/post-views": 20,
        "ramphor/seo-adapter": 20,
        "ramphor/updater": 20,
        "ramphor/user-profile": 20
    },
    "prefer-stable": false,
    "prefer-lowest": false,
    "platform": [],
    "platform-dev": [],
    "plugin-api-version": "1.1.0"
}
