{
    "_readme": [
        "This file locks the dependencies of your project to a known state",
        "Read more about it at https://getcomposer.org/doc/01-basic-usage.md#installing-dependencies",
        "This file is @generated automatically"
    ],
    "content-hash": "b0e0c2d65f0c53031d7beea7916addde",
    "packages": [
        {
            "name": "ramphor/user-profile",
            "version": "dev-master",
            "source": {
                "type": "git",
                "url": "https://github.com/ramphor/user-profile.git",
                "reference": "c03f53b4485c4cac3ca95c891847582fe7bfe0d7"
            },
            "dist": {
                "type": "zip",
                "url": "https://api.github.com/repos/ramphor/user-profile/zipball/c03f53b4485c4cac3ca95c891847582fe7bfe0d7",
                "reference": "c03f53b4485c4cac3ca95c891847582fe7bfe0d7",
                "shasum": ""
            },
            "type": "library",
            "autoload": {
                "psr-4": {
                    "Ramphor\\UserProfile\\": "src/"
                }
            },
            "notification-url": "https://packagist.org/downloads/",
            "license": [
                "MIT"
            ],
            "authors": [
                {
                    "name": "Puleeno Nguyen",
                    "email": "puleeno@gmail.com"
                }
            ],
            "description": "User profile core for embed to other plugins or themes",
            "time": "2019-05-04T15:32:28+00:00"
        }
    ],
    "packages-dev": [],
    "aliases": [],
    "minimum-stability": "dev",
    "stability-flags": {
        "ramphor/user-profile": 20
    },
    "prefer-stable": false,
    "prefer-lowest": false,
    "platform": [],
    "platform-dev": []
}
